
Microsoft Visual Studio Solution File, Format Version 12.00
# Visual Studio 15
VisualStudioVersion = 15.0.28307.1267
MinimumVisualStudioVersion = 10.0.40219.1
Project("{FAE04EC0-301F-11D3-BF4B-00C04F79EFBC}") = "GADE EXAM", "GADE EXAM\GADE EXAM.csproj", "{BEE516F7-A724-4B83-ADDB-963E28BCCD6E}"
EndProject
Global
	GlobalSection(SolutionConfigurationPlatforms) = preSolution
		Debug|Any CPU = Debug|Any CPU
		Release|Any CPU = Release|Any CPU
	EndGlobalSection
	GlobalSection(ProjectConfigurationPlatforms) = postSolution
		{BEE516F7-A724-4B83-ADDB-963E28BCCD6E}.Debug|Any CPU.ActiveCfg = Debug|Any CPU
		{BEE516F7-A724-4B83-ADDB-963E28BCCD6E}.Debug|Any CPU.Build.0 = Debug|Any CPU
		{BEE516F7-A724-4B83-ADDB-963E28BCCD6E}.Release|Any CPU.ActiveCfg = Release|Any CPU
		{BEE516F7-A724-4B83-ADDB-963E28BCCD6E}.Release|Any CPU.Build.0 = Release|Any CPU
	EndGlobalSection
	GlobalSection(SolutionProperties) = preSolution
		HideSolutionNode = FALSE
	EndGlobalSection
	GlobalSection(ExtensibilityGlobals) = postSolution
		SolutionGuid = {178A6517-B6BF-4EA1-B087-3EC7FFAB527F}
	EndGlobalSection
EndGlobal
